// !$*UTF8*$!
{
	archiveVersion = 1;
	classes = {
	};
	objectVersion = 50;
	objects = {

/* Begin PBXBuildFile section */
		2DC2674224DADDD000BBE402 /* TlObject.h in Headers */ = {isa = PBXBuildFile; fileRef = 2DC2673924DADDD000BBE402 /* TlObject.h */; };
		2DC2674324DADDD000BBE402 /* tdjson_export.h in Headers */ = {isa = PBXBuildFile; fileRef = 2DC2673B24DADDD000BBE402 /* tdjson_export.h */; settings = {ATTRIBUTES = (Public, ); }; };
		2DC2674424DADDD000BBE402 /* td_json_client.h in Headers */ = {isa = PBXBuildFile; fileRef = 2DC2673C24DADDD000BBE402 /* td_json_client.h */; settings = {ATTRIBUTES = (Public, ); }; };
		2DC2674524DADDD000BBE402 /* Client.h in Headers */ = {isa = PBXBuildFile; fileRef = 2DC2673D24DADDD000BBE402 /* Client.h */; };
		2DC2674624DADDD000BBE402 /* td_api.h in Headers */ = {isa = PBXBuildFile; fileRef = 2DC2673E24DADDD000BBE402 /* td_api.h */; };
		2DC2674724DADDD000BBE402 /* td_log.h in Headers */ = {isa = PBXBuildFile; fileRef = 2DC2673F24DADDD000BBE402 /* td_log.h */; };
		2DC2674824DADDD000BBE402 /* td_api.hpp in Headers */ = {isa = PBXBuildFile; fileRef = 2DC2674024DADDD000BBE402 /* td_api.hpp */; };
		2DC2674924DADDD000BBE402 /* Log.h in Headers */ = {isa = PBXBuildFile; fileRef = 2DC2674124DADDD000BBE402 /* Log.h */; };
		2DC2674B24DADDF900BBE402 /* ResultHandler.h in Headers */ = {isa = PBXBuildFile; fileRef = 2DC2674A24DADDF800BBE402 /* ResultHandler.h */; settings = {ATTRIBUTES = (Public, ); }; };
		2DC2674D24DADDFF00BBE402 /* ResultHandler.m in Sources */ = {isa = PBXBuildFile; fileRef = 2DC2674C24DADDFF00BBE402 /* ResultHandler.m */; };
		2DC2674F24DADE0A00BBE402 /* TDClient.h in Headers */ = {isa = PBXBuildFile; fileRef = 2DC2674E24DADE0A00BBE402 /* TDClient.h */; settings = {ATTRIBUTES = (Public, ); }; };
		2DC2675124DADE1000BBE402 /* TDClient.m in Sources */ = {isa = PBXBuildFile; fileRef = 2DC2675024DADE1000BBE402 /* TDClient.m */; };
		2DC2675724DAE30E00BBE402 /* tdjson_export.h in CopyFiles */ = {isa = PBXBuildFile; fileRef = 2DC2673B24DADDD000BBE402 /* tdjson_export.h */; };
		2DC2675824DAE30E00BBE402 /* td_json_client.h in CopyFiles */ = {isa = PBXBuildFile; fileRef = 2DC2673C24DADDD000BBE402 /* td_json_client.h */; };
		2DC2675924DAE30E00BBE402 /* Client.h in CopyFiles */ = {isa = PBXBuildFile; fileRef = 2DC2673D24DADDD000BBE402 /* Client.h */; };
		2DC2675A24DAE30E00BBE402 /* td_api.h in CopyFiles */ = {isa = PBXBuildFile; fileRef = 2DC2673E24DADDD000BBE402 /* td_api.h */; };
		2DC2675B24DAE30E00BBE402 /* td_log.h in CopyFiles */ = {isa = PBXBuildFile; fileRef = 2DC2673F24DADDD000BBE402 /* td_log.h */; };
		2DC2675C24DAE30E00BBE402 /* td_api.hpp in CopyFiles */ = {isa = PBXBuildFile; fileRef = 2DC2674024DADDD000BBE402 /* td_api.hpp */; };
		2DC2675D24DAE30E00BBE402 /* Log.h in CopyFiles */ = {isa = PBXBuildFile; fileRef = 2DC2674124DADDD000BBE402 /* Log.h */; };
		2DC2675E24DAE30E00BBE402 /* module.modulemap in CopyFiles */ = {isa = PBXBuildFile; fileRef = 2DC2675324DAE1B000BBE402 /* module.modulemap */; };
		2DC2676024DAE32200BBE402 /* TlObject.h in CopyFiles */ = {isa = PBXBuildFile; fileRef = 2DC2673924DADDD000BBE402 /* TlObject.h */; };
		B318C842228D6F0B009C4FD7 /* TDJSON.h in Headers */ = {isa = PBXBuildFile; fileRef = B318C840228CAFC9009C4FD7 /* TDJSON.h */; settings = {ATTRIBUTES = (Public, ); }; };
		B3474A2D2090D808000635C3 /* libtdutils.a in Frameworks */ = {isa = PBXBuildFile; fileRef = B3474A222090D808000635C3 /* libtdutils.a */; };
		B3474A2E2090D808000635C3 /* libtdactor.a in Frameworks */ = {isa = PBXBuildFile; fileRef = B3474A232090D808000635C3 /* libtdactor.a */; };
		B3474A2F2090D808000635C3 /* libtdcore.a in Frameworks */ = {isa = PBXBuildFile; fileRef = B3474A242090D808000635C3 /* libtdcore.a */; };
		B3474A302090D808000635C3 /* libcrypto.a in Frameworks */ = {isa = PBXBuildFile; fileRef = B3474A252090D808000635C3 /* libcrypto.a */; };
		B3474A312090D808000635C3 /* libtdjson_static.a in Frameworks */ = {isa = PBXBuildFile; fileRef = B3474A262090D808000635C3 /* libtdjson_static.a */; };
		B3474A322090D808000635C3 /* libtdsqlite.a in Frameworks */ = {isa = PBXBuildFile; fileRef = B3474A272090D808000635C3 /* libtdsqlite.a */; };
		B3474A332090D808000635C3 /* libtdclient.a in Frameworks */ = {isa = PBXBuildFile; fileRef = B3474A282090D808000635C3 /* libtdclient.a */; };
		B3474A342090D808000635C3 /* libtddb.a in Frameworks */ = {isa = PBXBuildFile; fileRef = B3474A292090D808000635C3 /* libtddb.a */; };
		B3474A352090D808000635C3 /* libssl.a in Frameworks */ = {isa = PBXBuildFile; fileRef = B3474A2A2090D808000635C3 /* libssl.a */; };
		B3474A362090D808000635C3 /* libtdnet.a in Frameworks */ = {isa = PBXBuildFile; fileRef = B3474A2B2090D808000635C3 /* libtdnet.a */; };
		B3474A372090D808000635C3 /* libtdjson_private.a in Frameworks */ = {isa = PBXBuildFile; fileRef = B3474A2C2090D808000635C3 /* libtdjson_private.a */; };
		B3474A392090D817000635C3 /* libc++.tbd in Frameworks */ = {isa = PBXBuildFile; fileRef = B3474A382090D817000635C3 /* libc++.tbd */; };
		B3474A3B2090D81E000635C3 /* libz.tbd in Frameworks */ = {isa = PBXBuildFile; fileRef = B3474A3A2090D81E000635C3 /* libz.tbd */; };
/* End PBXBuildFile section */

/* Begin PBXCopyFilesBuildPhase section */
		2DC2675624DAE2E800BBE402 /* CopyFiles */ = {
			isa = PBXCopyFilesBuildPhase;
			buildActionMask = 8;
			dstPath = include/td/telegram;
			dstSubfolderSpec = 16;
			files = (
				2DC2675724DAE30E00BBE402 /* tdjson_export.h in CopyFiles */,
				2DC2675824DAE30E00BBE402 /* td_json_client.h in CopyFiles */,
				2DC2675924DAE30E00BBE402 /* Client.h in CopyFiles */,
				2DC2675A24DAE30E00BBE402 /* td_api.h in CopyFiles */,
				2DC2675B24DAE30E00BBE402 /* td_log.h in CopyFiles */,
				2DC2675C24DAE30E00BBE402 /* td_api.hpp in CopyFiles */,
				2DC2675D24DAE30E00BBE402 /* Log.h in CopyFiles */,
				2DC2675E24DAE30E00BBE402 /* module.modulemap in CopyFiles */,
			);
			runOnlyForDeploymentPostprocessing = 1;
		};
		2DC2675F24DAE31100BBE402 /* CopyFiles */ = {
			isa = PBXCopyFilesBuildPhase;
			buildActionMask = 8;
			dstPath = include/td/tl;
			dstSubfolderSpec = 16;
			files = (
				2DC2676024DAE32200BBE402 /* TlObject.h in CopyFiles */,
			);
			runOnlyForDeploymentPostprocessing = 1;
		};
/* End PBXCopyFilesBuildPhase section */

/* Begin PBXFileReference section */
		2DC2673924DADDD000BBE402 /* TlObject.h */ = {isa = PBXFileReference; fileEncoding = 4; lastKnownFileType = sourcecode.c.h; path = TlObject.h; sourceTree = "<group>"; };
		2DC2673B24DADDD000BBE402 /* tdjson_export.h */ = {isa = PBXFileReference; fileEncoding = 4; lastKnownFileType = sourcecode.c.h; path = tdjson_export.h; sourceTree = "<group>"; };
		2DC2673C24DADDD000BBE402 /* td_json_client.h */ = {isa = PBXFileReference; fileEncoding = 4; lastKnownFileType = sourcecode.c.h; path = td_json_client.h; sourceTree = "<group>"; };
		2DC2673D24DADDD000BBE402 /* Client.h */ = {isa = PBXFileReference; fileEncoding = 4; lastKnownFileType = sourcecode.c.h; path = Client.h; sourceTree = "<group>"; };
		2DC2673E24DADDD000BBE402 /* td_api.h */ = {isa = PBXFileReference; fileEncoding = 4; lastKnownFileType = sourcecode.c.h; path = td_api.h; sourceTree = "<group>"; };
		2DC2673F24DADDD000BBE402 /* td_log.h */ = {isa = PBXFileReference; fileEncoding = 4; lastKnownFileType = sourcecode.c.h; path = td_log.h; sourceTree = "<group>"; };
		2DC2674024DADDD000BBE402 /* td_api.hpp */ = {isa = PBXFileReference; fileEncoding = 4; lastKnownFileType = sourcecode.cpp.h; path = td_api.hpp; sourceTree = "<group>"; };
		2DC2674124DADDD000BBE402 /* Log.h */ = {isa = PBXFileReference; fileEncoding = 4; lastKnownFileType = sourcecode.c.h; path = Log.h; sourceTree = "<group>"; };
		2DC2674A24DADDF800BBE402 /* ResultHandler.h */ = {isa = PBXFileReference; fileEncoding = 4; lastKnownFileType = sourcecode.c.h; path = ResultHandler.h; sourceTree = "<group>"; };
		2DC2674C24DADDFF00BBE402 /* ResultHandler.m */ = {isa = PBXFileReference; fileEncoding = 4; lastKnownFileType = sourcecode.c.objc; path = ResultHandler.m; sourceTree = "<group>"; };
		2DC2674E24DADE0A00BBE402 /* TDClient.h */ = {isa = PBXFileReference; fileEncoding = 4; lastKnownFileType = sourcecode.c.h; path = TDClient.h; sourceTree = "<group>"; };
		2DC2675024DADE1000BBE402 /* TDClient.m */ = {isa = PBXFileReference; fileEncoding = 4; lastKnownFileType = sourcecode.c.objc; path = TDClient.m; sourceTree = "<group>"; };
		2DC2675324DAE1B000BBE402 /* module.modulemap */ = {isa = PBXFileReference; lastKnownFileType = "sourcecode.module-map"; path = module.modulemap; sourceTree = "<group>"; };
		B318C840228CAFC9009C4FD7 /* TDJSON.h */ = {isa = PBXFileReference; fileEncoding = 4; lastKnownFileType = sourcecode.c.h; path = TDJSON.h; sourceTree = "<group>"; };
		B3474A162090D798000635C3 /* TDJSON.framework */ = {isa = PBXFileReference; explicitFileType = wrapper.framework; includeInIndex = 0; path = TDJSON.framework; sourceTree = BUILT_PRODUCTS_DIR; };
		B3474A1A2090D798000635C3 /* Info.plist */ = {isa = PBXFileReference; lastKnownFileType = text.plist.xml; path = Info.plist; sourceTree = "<group>"; };
		B3474A222090D808000635C3 /* libtdutils.a */ = {isa = PBXFileReference; lastKnownFileType = archive.ar; name = libtdutils.a; path = lib/libtdutils.a; sourceTree = "<group>"; };
		B3474A232090D808000635C3 /* libtdactor.a */ = {isa = PBXFileReference; lastKnownFileType = archive.ar; name = libtdactor.a; path = lib/libtdactor.a; sourceTree = "<group>"; };
		B3474A242090D808000635C3 /* libtdcore.a */ = {isa = PBXFileReference; lastKnownFileType = archive.ar; name = libtdcore.a; path = lib/libtdcore.a; sourceTree = "<group>"; };
		B3474A252090D808000635C3 /* libcrypto.a */ = {isa = PBXFileReference; lastKnownFileType = archive.ar; name = libcrypto.a; path = lib/libcrypto.a; sourceTree = "<group>"; };
		B3474A262090D808000635C3 /* libtdjson_static.a */ = {isa = PBXFileReference; lastKnownFileType = archive.ar; name = libtdjson_static.a; path = lib/libtdjson_static.a; sourceTree = "<group>"; };
		B3474A272090D808000635C3 /* libtdsqlite.a */ = {isa = PBXFileReference; lastKnownFileType = archive.ar; name = libtdsqlite.a; path = lib/libtdsqlite.a; sourceTree = "<group>"; };
		B3474A282090D808000635C3 /* libtdclient.a */ = {isa = PBXFileReference; lastKnownFileType = archive.ar; name = libtdclient.a; path = lib/libtdclient.a; sourceTree = "<group>"; };
		B3474A292090D808000635C3 /* libtddb.a */ = {isa = PBXFileReference; lastKnownFileType = archive.ar; name = libtddb.a; path = lib/libtddb.a; sourceTree = "<group>"; };
		B3474A2A2090D808000635C3 /* libssl.a */ = {isa = PBXFileReference; lastKnownFileType = archive.ar; name = libssl.a; path = lib/libssl.a; sourceTree = "<group>"; };
		B3474A2B2090D808000635C3 /* libtdnet.a */ = {isa = PBXFileReference; lastKnownFileType = archive.ar; name = libtdnet.a; path = lib/libtdnet.a; sourceTree = "<group>"; };
		B3474A2C2090D808000635C3 /* libtdjson_private.a */ = {isa = PBXFileReference; lastKnownFileType = archive.ar; name = libtdjson_private.a; path = lib/libtdjson_private.a; sourceTree = "<group>"; };
		B3474A382090D817000635C3 /* libc++.tbd */ = {isa = PBXFileReference; lastKnownFileType = "sourcecode.text-based-dylib-definition"; name = "libc++.tbd"; path = "usr/lib/libc++.tbd"; sourceTree = SDKROOT; };
		B3474A3A2090D81E000635C3 /* libz.tbd */ = {isa = PBXFileReference; lastKnownFileType = "sourcecode.text-based-dylib-definition"; name = libz.tbd; path = usr/lib/libz.tbd; sourceTree = SDKROOT; };
/* End PBXFileReference section */

/* Begin PBXFrameworksBuildPhase section */
		B3474A122090D798000635C3 /* Frameworks */ = {
			isa = PBXFrameworksBuildPhase;
			buildActionMask = 2147483647;
			files = (
				B3474A3B2090D81E000635C3 /* libz.tbd in Frameworks */,
				B3474A392090D817000635C3 /* libc++.tbd in Frameworks */,
				B3474A2D2090D808000635C3 /* libtdutils.a in Frameworks */,
				B3474A2E2090D808000635C3 /* libtdactor.a in Frameworks */,
				B3474A2F2090D808000635C3 /* libtdcore.a in Frameworks */,
				B3474A302090D808000635C3 /* libcrypto.a in Frameworks */,
				B3474A312090D808000635C3 /* libtdjson_static.a in Frameworks */,
				B3474A322090D808000635C3 /* libtdsqlite.a in Frameworks */,
				B3474A332090D808000635C3 /* libtdclient.a in Frameworks */,
				B3474A342090D808000635C3 /* libtddb.a in Frameworks */,
				B3474A352090D808000635C3 /* libssl.a in Frameworks */,
				B3474A362090D808000635C3 /* libtdnet.a in Frameworks */,
				B3474A372090D808000635C3 /* libtdjson_private.a in Frameworks */,
			);
			runOnlyForDeploymentPostprocessing = 0;
		};
/* End PBXFrameworksBuildPhase section */

/* Begin PBXGroup section */
		2DC2673624DADDD000BBE402 /* include */ = {
			isa = PBXGroup;
			children = (
				2DC2673724DADDD000BBE402 /* td */,
			);
			path = include;
			sourceTree = "<group>";
		};
		2DC2673724DADDD000BBE402 /* td */ = {
			isa = PBXGroup;
			children = (
				2DC2673824DADDD000BBE402 /* tl */,
				2DC2673A24DADDD000BBE402 /* telegram */,
			);
			path = td;
			sourceTree = "<group>";
		};
		2DC2673824DADDD000BBE402 /* tl */ = {
			isa = PBXGroup;
			children = (
				2DC2673924DADDD000BBE402 /* TlObject.h */,
			);
			path = tl;
			sourceTree = "<group>";
		};
		2DC2673A24DADDD000BBE402 /* telegram */ = {
			isa = PBXGroup;
			children = (
				2DC2673B24DADDD000BBE402 /* tdjson_export.h */,
				2DC2673C24DADDD000BBE402 /* td_json_client.h */,
				2DC2673D24DADDD000BBE402 /* Client.h */,
				2DC2673E24DADDD000BBE402 /* td_api.h */,
				2DC2673F24DADDD000BBE402 /* td_log.h */,
				2DC2674024DADDD000BBE402 /* td_api.hpp */,
				2DC2674124DADDD000BBE402 /* Log.h */,
				2DC2675324DAE1B000BBE402 /* module.modulemap */,
			);
			path = telegram;
			sourceTree = "<group>";
		};
		B3474A0C2090D798000635C3 = {
			isa = PBXGroup;
			children = (
				2DC2673624DADDD000BBE402 /* include */,
				B3474A182090D798000635C3 /* TDJSON */,
				B3474A172090D798000635C3 /* Products */,
				B3474A212090D808000635C3 /* Frameworks */,
			);
			sourceTree = "<group>";
		};
		B3474A172090D798000635C3 /* Products */ = {
			isa = PBXGroup;
			children = (
				B3474A162090D798000635C3 /* TDJSON.framework */,
			);
			name = Products;
			sourceTree = "<group>";
		};
		B3474A182090D798000635C3 /* TDJSON */ = {
			isa = PBXGroup;
			children = (
				2DC2675024DADE1000BBE402 /* TDClient.m */,
				2DC2674E24DADE0A00BBE402 /* TDClient.h */,
				2DC2674C24DADDFF00BBE402 /* ResultHandler.m */,
				2DC2674A24DADDF800BBE402 /* ResultHandler.h */,
				B318C840228CAFC9009C4FD7 /* TDJSON.h */,
				B3474A1A2090D798000635C3 /* Info.plist */,
			);
			path = TDJSON;
			sourceTree = "<group>";
		};
		B3474A212090D808000635C3 /* Frameworks */ = {
			isa = PBXGroup;
			children = (
				B3474A3A2090D81E000635C3 /* libz.tbd */,
				B3474A382090D817000635C3 /* libc++.tbd */,
				B3474A252090D808000635C3 /* libcrypto.a */,
				B3474A2A2090D808000635C3 /* libssl.a */,
				B3474A232090D808000635C3 /* libtdactor.a */,
				B3474A282090D808000635C3 /* libtdclient.a */,
				B3474A242090D808000635C3 /* libtdcore.a */,
				B3474A292090D808000635C3 /* libtddb.a */,
				B3474A2C2090D808000635C3 /* libtdjson_private.a */,
				B3474A262090D808000635C3 /* libtdjson_static.a */,
				B3474A2B2090D808000635C3 /* libtdnet.a */,
				B3474A272090D808000635C3 /* libtdsqlite.a */,
				B3474A222090D808000635C3 /* libtdutils.a */,
			);
			name = Frameworks;
			sourceTree = "<group>";
		};
/* End PBXGroup section */

/* Begin PBXHeadersBuildPhase section */
		B3474A132090D798000635C3 /* Headers */ = {
			isa = PBXHeadersBuildPhase;
			buildActionMask = 2147483647;
			files = (
				2DC2674924DADDD000BBE402 /* Log.h in Headers */,
				2DC2674F24DADE0A00BBE402 /* TDClient.h in Headers */,
				2DC2674424DADDD000BBE402 /* td_json_client.h in Headers */,
				2DC2674324DADDD000BBE402 /* tdjson_export.h in Headers */,
				2DC2674B24DADDF900BBE402 /* ResultHandler.h in Headers */,
				B318C842228D6F0B009C4FD7 /* TDJSON.h in Headers */,
				2DC2674824DADDD000BBE402 /* td_api.hpp in Headers */,
				2DC2674624DADDD000BBE402 /* td_api.h in Headers */,
				2DC2674724DADDD000BBE402 /* td_log.h in Headers */,
				2DC2674224DADDD000BBE402 /* TlObject.h in Headers */,
				2DC2674524DADDD000BBE402 /* Client.h in Headers */,
			);
			runOnlyForDeploymentPostprocessing = 0;
		};
/* End PBXHeadersBuildPhase section */

/* Begin PBXNativeTarget section */
		B3474A152090D798000635C3 /* TDJSON */ = {
			isa = PBXNativeTarget;
			buildConfigurationList = B3474A1E2090D798000635C3 /* Build configuration list for PBXNativeTarget "TDJSON" */;
			buildPhases = (
				B3474A3D2090DA7D000635C3 /* Download Core */,
				B3474A112090D798000635C3 /* Sources */,
				B3474A122090D798000635C3 /* Frameworks */,
				B3474A132090D798000635C3 /* Headers */,
				B3474A142090D798000635C3 /* Resources */,
				2DC2675624DAE2E800BBE402 /* CopyFiles */,
				2DC2675F24DAE31100BBE402 /* CopyFiles */,
			);
			buildRules = (
			);
			dependencies = (
			);
			name = TDJSON;
			productName = TDJSON;
			productReference = B3474A162090D798000635C3 /* TDJSON.framework */;
			productType = "com.apple.product-type.framework";
		};
/* End PBXNativeTarget section */

/* Begin PBXProject section */
		B3474A0D2090D798000635C3 /* Project object */ = {
			isa = PBXProject;
			attributes = {
				LastUpgradeCheck = 1100;
				ORGANIZATIONNAME = "Leo Mehlig";
				TargetAttributes = {
					B3474A152090D798000635C3 = {
						CreatedOnToolsVersion = 9.3;
						LastSwiftMigration = 1160;
					};
				};
			};
			buildConfigurationList = B3474A102090D798000635C3 /* Build configuration list for PBXProject "TDJSON" */;
			compatibilityVersion = "Xcode 9.3";
			developmentRegion = en;
			hasScannedForEncodings = 0;
			knownRegions = (
				en,
			);
			mainGroup = B3474A0C2090D798000635C3;
			productRefGroup = B3474A172090D798000635C3 /* Products */;
			projectDirPath = "";
			projectRoot = "";
			targets = (
				B3474A152090D798000635C3 /* TDJSON */,
			);
		};
/* End PBXProject section */

/* Begin PBXResourcesBuildPhase section */
		B3474A142090D798000635C3 /* Resources */ = {
			isa = PBXResourcesBuildPhase;
			buildActionMask = 2147483647;
			files = (
			);
			runOnlyForDeploymentPostprocessing = 0;
		};
/* End PBXResourcesBuildPhase section */

/* Begin PBXShellScriptBuildPhase section */
		B3474A3D2090DA7D000635C3 /* Download Core */ = {
			isa = PBXShellScriptBuildPhase;
			buildActionMask = 2147483647;
			files = (
			);
			inputPaths = (
			);
			name = "Download Core";
			outputPaths = (
			);
			runOnlyForDeploymentPostprocessing = 0;
			shellPath = /bin/sh;
			shellScript = "#!/bin/bash\npath=$SRCROOT/lib/libtdcore.a\nurl=\"https://www.dropbox.com/s/rj7cn6369y7yndk/libtdcore.a?dl=1\"\nif [ ! -f $path ]; then\n    echo \"Needs to download file\"\n    curl -kL $url -o $path\nelse\n    echo \"File is already downloaded\"\nfi\n";
		};
/* End PBXShellScriptBuildPhase section */

/* Begin PBXSourcesBuildPhase section */
		B3474A112090D798000635C3 /* Sources */ = {
			isa = PBXSourcesBuildPhase;
			buildActionMask = 2147483647;
			files = (
				2DC2675124DADE1000BBE402 /* TDClient.m in Sources */,
				2DC2674D24DADDFF00BBE402 /* ResultHandler.m in Sources */,
			);
			runOnlyForDeploymentPostprocessing = 0;
		};
/* End PBXSourcesBuildPhase section */

/* Begin XCBuildConfiguration section */
		B3474A1C2090D798000635C3 /* Debug */ = {
			isa = XCBuildConfiguration;
			buildSettings = {
				ALWAYS_SEARCH_USER_PATHS = NO;
				CLANG_ANALYZER_NONNULL = YES;
				CLANG_ANALYZER_NUMBER_OBJECT_CONVERSION = YES_AGGRESSIVE;
				CLANG_CXX_LANGUAGE_STANDARD = "compiler-default";
				CLANG_CXX_LIBRARY = "compiler-default";
				CLANG_ENABLE_MODULES = YES;
				CLANG_ENABLE_OBJC_ARC = YES;
				CLANG_ENABLE_OBJC_WEAK = YES;
				CLANG_WARN_BLOCK_CAPTURE_AUTORELEASING = YES;
				CLANG_WARN_BOOL_CONVERSION = YES;
				CLANG_WARN_COMMA = YES;
				CLANG_WARN_CONSTANT_CONVERSION = YES;
				CLANG_WARN_DEPRECATED_OBJC_IMPLEMENTATIONS = YES;
				CLANG_WARN_DIRECT_OBJC_ISA_USAGE = YES_ERROR;
				CLANG_WARN_DOCUMENTATION_COMMENTS = YES;
				CLANG_WARN_EMPTY_BODY = YES;
				CLANG_WARN_ENUM_CONVERSION = YES;
				CLANG_WARN_INFINITE_RECURSION = YES;
				CLANG_WARN_INT_CONVERSION = YES;
				CLANG_WARN_NON_LITERAL_NULL_CONVERSION = YES;
				CLANG_WARN_OBJC_IMPLICIT_RETAIN_SELF = YES;
				CLANG_WARN_OBJC_LITERAL_CONVERSION = YES;
				CLANG_WARN_OBJC_ROOT_CLASS = YES_ERROR;
				CLANG_WARN_RANGE_LOOP_ANALYSIS = YES;
				CLANG_WARN_STRICT_PROTOTYPES = YES;
				CLANG_WARN_SUSPICIOUS_MOVE = YES;
				CLANG_WARN_UNGUARDED_AVAILABILITY = YES_AGGRESSIVE;
				CLANG_WARN_UNREACHABLE_CODE = YES;
				CLANG_WARN__DUPLICATE_METHOD_MATCH = YES;
				CODE_SIGN_IDENTITY = "iPhone Developer";
				COPY_PHASE_STRIP = NO;
				CURRENT_PROJECT_VERSION = 1;
				DEBUG_INFORMATION_FORMAT = dwarf;
				ENABLE_STRICT_OBJC_MSGSEND = YES;
				ENABLE_TESTABILITY = YES;
				GCC_C_LANGUAGE_STANDARD = gnu11;
				GCC_DYNAMIC_NO_PIC = NO;
				GCC_NO_COMMON_BLOCKS = YES;
				GCC_OPTIMIZATION_LEVEL = 0;
				GCC_PREPROCESSOR_DEFINITIONS = (
					"DEBUG=1",
					"$(inherited)",
				);
				GCC_WARN_64_TO_32_BIT_CONVERSION = YES;
				GCC_WARN_ABOUT_RETURN_TYPE = YES_ERROR;
				GCC_WARN_UNDECLARED_SELECTOR = YES;
				GCC_WARN_UNINITIALIZED_AUTOS = YES_AGGRESSIVE;
				GCC_WARN_UNUSED_FUNCTION = YES;
				GCC_WARN_UNUSED_VARIABLE = YES;
				IPHONEOS_DEPLOYMENT_TARGET = 11.3;
				MTL_ENABLE_DEBUG_INFO = YES;
				ONLY_ACTIVE_ARCH = YES;
				SDKROOT = iphoneos;
				SWIFT_ACTIVE_COMPILATION_CONDITIONS = DEBUG;
				SWIFT_OPTIMIZATION_LEVEL = "-Onone";
				VERSIONING_SYSTEM = "apple-generic";
				VERSION_INFO_PREFIX = "";
			};
			name = Debug;
		};
		B3474A1D2090D798000635C3 /* Release */ = {
			isa = XCBuildConfiguration;
			buildSettings = {
				ALWAYS_SEARCH_USER_PATHS = NO;
				CLANG_ANALYZER_NONNULL = YES;
				CLANG_ANALYZER_NUMBER_OBJECT_CONVERSION = YES_AGGRESSIVE;
				CLANG_CXX_LANGUAGE_STANDARD = "compiler-default";
				CLANG_CXX_LIBRARY = "compiler-default";
				CLANG_ENABLE_MODULES = YES;
				CLANG_ENABLE_OBJC_ARC = YES;
				CLANG_ENABLE_OBJC_WEAK = YES;
				CLANG_WARN_BLOCK_CAPTURE_AUTORELEASING = YES;
				CLANG_WARN_BOOL_CONVERSION = YES;
				CLANG_WARN_COMMA = YES;
				CLANG_WARN_CONSTANT_CONVERSION = YES;
				CLANG_WARN_DEPRECATED_OBJC_IMPLEMENTATIONS = YES;
				CLANG_WARN_DIRECT_OBJC_ISA_USAGE = YES_ERROR;
				CLANG_WARN_DOCUMENTATION_COMMENTS = YES;
				CLANG_WARN_EMPTY_BODY = YES;
				CLANG_WARN_ENUM_CONVERSION = YES;
				CLANG_WARN_INFINITE_RECURSION = YES;
				CLANG_WARN_INT_CONVERSION = YES;
				CLANG_WARN_NON_LITERAL_NULL_CONVERSION = YES;
				CLANG_WARN_OBJC_IMPLICIT_RETAIN_SELF = YES;
				CLANG_WARN_OBJC_LITERAL_CONVERSION = YES;
				CLANG_WARN_OBJC_ROOT_CLASS = YES_ERROR;
				CLANG_WARN_RANGE_LOOP_ANALYSIS = YES;
				CLANG_WARN_STRICT_PROTOTYPES = YES;
				CLANG_WARN_SUSPICIOUS_MOVE = YES;
				CLANG_WARN_UNGUARDED_AVAILABILITY = YES_AGGRESSIVE;
				CLANG_WARN_UNREACHABLE_CODE = YES;
				CLANG_WARN__DUPLICATE_METHOD_MATCH = YES;
				CODE_SIGN_IDENTITY = "iPhone Developer";
				COPY_PHASE_STRIP = NO;
				CURRENT_PROJECT_VERSION = 1;
				DEBUG_INFORMATION_FORMAT = "dwarf-with-dsym";
				ENABLE_NS_ASSERTIONS = NO;
				ENABLE_STRICT_OBJC_MSGSEND = YES;
				GCC_C_LANGUAGE_STANDARD = gnu11;
				GCC_NO_COMMON_BLOCKS = YES;
				GCC_WARN_64_TO_32_BIT_CONVERSION = YES;
				GCC_WARN_ABOUT_RETURN_TYPE = YES_ERROR;
				GCC_WARN_UNDECLARED_SELECTOR = YES;
				GCC_WARN_UNINITIALIZED_AUTOS = YES_AGGRESSIVE;
				GCC_WARN_UNUSED_FUNCTION = YES;
				GCC_WARN_UNUSED_VARIABLE = YES;
				IPHONEOS_DEPLOYMENT_TARGET = 11.3;
				MTL_ENABLE_DEBUG_INFO = NO;
				SDKROOT = iphoneos;
				SWIFT_COMPILATION_MODE = wholemodule;
				SWIFT_OPTIMIZATION_LEVEL = "-O";
				VALIDATE_PRODUCT = YES;
				VERSIONING_SYSTEM = "apple-generic";
				VERSION_INFO_PREFIX = "";
			};
			name = Release;
		};
		B3474A1F2090D798000635C3 /* Debug */ = {
			isa = XCBuildConfiguration;
			buildSettings = {
				APPLICATION_EXTENSION_API_ONLY = YES;
				CLANG_ALLOW_NON_MODULAR_INCLUDES_IN_FRAMEWORK_MODULES = YES;
				CLANG_ENABLE_MODULES = YES;
				CODE_SIGN_IDENTITY = "";
				CODE_SIGN_STYLE = Manual;
				DEFINES_MODULE = YES;
				DEVELOPMENT_TEAM = "";
				DYLIB_COMPATIBILITY_VERSION = 1;
				DYLIB_CURRENT_VERSION = 1;
				DYLIB_INSTALL_NAME_BASE = "@rpath";
				HEADER_SEARCH_PATHS = "$(PROJECT_DIR)/include/**";
				INFOPLIST_FILE = TDJSON/Info.plist;
				INSTALL_PATH = "$(LOCAL_LIBRARY_DIR)/Frameworks";
				IPHONEOS_DEPLOYMENT_TARGET = 10.0;
				LD_RUNPATH_SEARCH_PATHS = (
					"$(inherited)",
					"@executable_path/Frameworks",
					"@loader_path/Frameworks",
				);
				LIBRARY_SEARCH_PATHS = (
					"$(inherited)",
					"$(PROJECT_DIR)/lib",
				);
				PRODUCT_BUNDLE_IDENTIFIER = com.leomehlig.TDJSON;
				PRODUCT_NAME = "$(TARGET_NAME:c99extidentifier)";
				PROVISIONING_PROFILE_SPECIFIER = "";
				SKIP_INSTALL = YES;
				SWIFT_INCLUDE_PATHS = "${SRCROOT}/**";
				SWIFT_OPTIMIZATION_LEVEL = "-Onone";
				SWIFT_VERSION = 5.0;
				TARGETED_DEVICE_FAMILY = "1,2";
			};
			name = Debug;
		};
		B3474A202090D798000635C3 /* Release */ = {
			isa = XCBuildConfiguration;
			buildSettings = {
				APPLICATION_EXTENSION_API_ONLY = YES;
				CLANG_ALLOW_NON_MODULAR_INCLUDES_IN_FRAMEWORK_MODULES = YES;
				CLANG_ENABLE_MODULES = YES;
				CODE_SIGN_IDENTITY = "";
				CODE_SIGN_STYLE = Manual;
				DEFINES_MODULE = YES;
				DEVELOPMENT_TEAM = "";
				DYLIB_COMPATIBILITY_VERSION = 1;
				DYLIB_CURRENT_VERSION = 1;
				DYLIB_INSTALL_NAME_BASE = "@rpath";
				HEADER_SEARCH_PATHS = "$(PROJECT_DIR)/include/**";
				INFOPLIST_FILE = TDJSON/Info.plist;
				INSTALL_PATH = "$(LOCAL_LIBRARY_DIR)/Frameworks";
				IPHONEOS_DEPLOYMENT_TARGET = 10.0;
				LD_RUNPATH_SEARCH_PATHS = (
					"$(inherited)",
					"@executable_path/Frameworks",
					"@loader_path/Frameworks",
				);
				LIBRARY_SEARCH_PATHS = (
					"$(inherited)",
					"$(PROJECT_DIR)/lib",
				);
				PRODUCT_BUNDLE_IDENTIFIER = com.leomehlig.TDJSON;
				PRODUCT_NAME = "$(TARGET_NAME:c99extidentifier)";
				PROVISIONING_PROFILE_SPECIFIER = "";
				SKIP_INSTALL = YES;
				SWIFT_INCLUDE_PATHS = "${SRCROOT}/**";
				SWIFT_VERSION = 5.0;
				TARGETED_DEVICE_FAMILY = "1,2";
			};
			name = Release;
		};
/* End XCBuildConfiguration section */

/* Begin XCConfigurationList section */
		B3474A102090D798000635C3 /* Build configuration list for PBXProject "TDJSON" */ = {
			isa = XCConfigurationList;
			buildConfigurations = (
				B3474A1C2090D798000635C3 /* Debug */,
				B3474A1D2090D798000635C3 /* Release */,
			);
			defaultConfigurationIsVisible = 0;
			defaultConfigurationName = Release;
		};
		B3474A1E2090D798000635C3 /* Build configuration list for PBXNativeTarget "TDJSON" */ = {
			isa = XCConfigurationList;
			buildConfigurations = (
				B3474A1F2090D798000635C3 /* Debug */,
				B3474A202090D798000635C3 /* Release */,
			);
			defaultConfigurationIsVisible = 0;
			defaultConfigurationName = Release;
		};
/* End XCConfigurationList section */
	};
	rootObject = B3474A0D2090D798000635C3 /* Project object */;
}
